// !$*UTF8*$!
{
	archiveVersion = 1;
	classes = {
	};
	objectVersion = 52;
	objects = {

/* Begin PBXBuildFile section */
		1242C553254560B400378E4C /* SceneDelegate.swift in Sources */ = {isa = PBXBuildFile; fileRef = 1242C552254560B400378E4C /* SceneDelegate.swift */; };
		1242C56C254572FE00378E4C /* Route.swift in Sources */ = {isa = PBXBuildFile; fileRef = 1242C561254572FE00378E4C /* Route.swift */; };
		1242C56D254572FE00378E4C /* PresenterFork.swift in Sources */ = {isa = PBXBuildFile; fileRef = 1242C562254572FE00378E4C /* PresenterFork.swift */; };
		1242C56E254572FE00378E4C /* Parameters.swift in Sources */ = {isa = PBXBuildFile; fileRef = 1242C563254572FE00378E4C /* Parameters.swift */; };
		1242C56F254572FE00378E4C /* PresenterSwitcher.swift in Sources */ = {isa = PBXBuildFile; fileRef = 1242C564254572FE00378E4C /* PresenterSwitcher.swift */; };
		1242C570254572FE00378E4C /* State.swift in Sources */ = {isa = PBXBuildFile; fileRef = 1242C565254572FE00378E4C /* State.swift */; };
		1242C571254572FE00378E4C /* String+extension.swift in Sources */ = {isa = PBXBuildFile; fileRef = 1242C566254572FE00378E4C /* String+extension.swift */; };
		1242C572254572FE00378E4C /* Node.swift in Sources */ = {isa = PBXBuildFile; fileRef = 1242C567254572FE00378E4C /* Node.swift */; };
		1242C573254572FE00378E4C /* Presenter.swift in Sources */ = {isa = PBXBuildFile; fileRef = 1242C568254572FE00378E4C /* Presenter.swift */; };
		1242C574254572FE00378E4C /* Collection+extension.swift in Sources */ = {isa = PBXBuildFile; fileRef = 1242C569254572FE00378E4C /* Collection+extension.swift */; };
		1242C575254572FE00378E4C /* PresenterStack.swift in Sources */ = {isa = PBXBuildFile; fileRef = 1242C56A254572FE00378E4C /* PresenterStack.swift */; };
		1242C576254572FE00378E4C /* Request.swift in Sources */ = {isa = PBXBuildFile; fileRef = 1242C56B254572FE00378E4C /* Request.swift */; };
		1242C57A2545756A00378E4C /* Differ in Frameworks */ = {isa = PBXBuildFile; productRef = 1242C5792545756A00378E4C /* Differ */; };
		D09228CC235B4AB30066E33B /* AppRoutes.swift in Sources */ = {isa = PBXBuildFile; fileRef = D09228CB235B4AB30066E33B /* AppRoutes.swift */; };
		D0A7B9D4219F322C00B44C3D /* AppDelegate.swift in Sources */ = {isa = PBXBuildFile; fileRef = D0A7B9D3219F322C00B44C3D /* AppDelegate.swift */; };
		D0A7B9D6219F322C00B44C3D /* ViewControllers.swift in Sources */ = {isa = PBXBuildFile; fileRef = D0A7B9D5219F322C00B44C3D /* ViewControllers.swift */; };
		D0A7B9D9219F322C00B44C3D /* Main.storyboard in Resources */ = {isa = PBXBuildFile; fileRef = D0A7B9D7219F322C00B44C3D /* Main.storyboard */; };
		D0A7B9DB219F322D00B44C3D /* Assets.xcassets in Resources */ = {isa = PBXBuildFile; fileRef = D0A7B9DA219F322D00B44C3D /* Assets.xcassets */; };
		D0A7B9DE219F322D00B44C3D /* LaunchScreen.storyboard in Resources */ = {isa = PBXBuildFile; fileRef = D0A7B9DC219F322D00B44C3D /* LaunchScreen.storyboard */; };
		D0A7B9EE219F324200B44C3D /* MonarchRouter.h in Headers */ = {isa = PBXBuildFile; fileRef = D0A7B9EC219F324200B44C3D /* MonarchRouter.h */; settings = {ATTRIBUTES = (Public, ); }; };
		D0A7B9F1219F324200B44C3D /* MonarchRouter.framework in Frameworks */ = {isa = PBXBuildFile; fileRef = D0A7B9EA219F324200B44C3D /* MonarchRouter.framework */; };
		D0A7B9F2219F324200B44C3D /* MonarchRouter.framework in Embed Frameworks */ = {isa = PBXBuildFile; fileRef = D0A7B9EA219F324200B44C3D /* MonarchRouter.framework */; settings = {ATTRIBUTES = (CodeSignOnCopy, RemoveHeadersOnCopy, ); }; };
		D0A7BA12219F378B00B44C3D /* Presenters.swift in Sources */ = {isa = PBXBuildFile; fileRef = D0A7BA11219F378B00B44C3D /* Presenters.swift */; };
		D0A7BA14219F3C5900B44C3D /* EndpointBuilder.swift in Sources */ = {isa = PBXBuildFile; fileRef = D0A7BA13219F3C5800B44C3D /* EndpointBuilder.swift */; };
		D0A7BA16219F3EC500B44C3D /* AppCoordinator.swift in Sources */ = {isa = PBXBuildFile; fileRef = D0A7BA15219F3EC500B44C3D /* AppCoordinator.swift */; };
/* End PBXBuildFile section */

/* Begin PBXContainerItemProxy section */
		D0A7B9EF219F324200B44C3D /* PBXContainerItemProxy */ = {
			isa = PBXContainerItemProxy;
			containerPortal = D0A7B9C8219F322C00B44C3D /* Project object */;
			proxyType = 1;
			remoteGlobalIDString = D0A7B9E9219F324200B44C3D;
			remoteInfo = MonarchRouter;
		};
/* End PBXContainerItemProxy section */

/* Begin PBXCopyFilesBuildPhase section */
		D0A7B9F6219F324200B44C3D /* Embed Frameworks */ = {
			isa = PBXCopyFilesBuildPhase;
			buildActionMask = 2147483647;
			dstPath = "";
			dstSubfolderSpec = 10;
			files = (
				D0A7B9F2219F324200B44C3D /* MonarchRouter.framework in Embed Frameworks */,
			);
			name = "Embed Frameworks";
			runOnlyForDeploymentPostprocessing = 0;
		};
/* End PBXCopyFilesBuildPhase section */

/* Begin PBXFileReference section */
		1242C552254560B400378E4C /* SceneDelegate.swift */ = {isa = PBXFileReference; lastKnownFileType = sourcecode.swift; path = SceneDelegate.swift; sourceTree = "<group>"; };
		1242C561254572FE00378E4C /* Route.swift */ = {isa = PBXFileReference; fileEncoding = 4; lastKnownFileType = sourcecode.swift; name = Route.swift; path = ../../Sources/MonarchRouter/Route.swift; sourceTree = "<group>"; };
		1242C562254572FE00378E4C /* PresenterFork.swift */ = {isa = PBXFileReference; fileEncoding = 4; lastKnownFileType = sourcecode.swift; name = PresenterFork.swift; path = ../../Sources/MonarchRouter/PresenterFork.swift; sourceTree = "<group>"; };
		1242C563254572FE00378E4C /* Parameters.swift */ = {isa = PBXFileReference; fileEncoding = 4; lastKnownFileType = sourcecode.swift; name = Parameters.swift; path = ../../Sources/MonarchRouter/Parameters.swift; sourceTree = "<group>"; };
		1242C564254572FE00378E4C /* PresenterSwitcher.swift */ = {isa = PBXFileReference; fileEncoding = 4; lastKnownFileType = sourcecode.swift; name = PresenterSwitcher.swift; path = ../../Sources/MonarchRouter/PresenterSwitcher.swift; sourceTree = "<group>"; };
		1242C565254572FE00378E4C /* State.swift */ = {isa = PBXFileReference; fileEncoding = 4; lastKnownFileType = sourcecode.swift; name = State.swift; path = ../../Sources/MonarchRouter/State.swift; sourceTree = "<group>"; };
		1242C566254572FE00378E4C /* String+extension.swift */ = {isa = PBXFileReference; fileEncoding = 4; lastKnownFileType = sourcecode.swift; name = "String+extension.swift"; path = "../../Sources/MonarchRouter/String+extension.swift"; sourceTree = "<group>"; };
		1242C567254572FE00378E4C /* Node.swift */ = {isa = PBXFileReference; fileEncoding = 4; lastKnownFileType = sourcecode.swift; name = Node.swift; path = ../../Sources/MonarchRouter/Node.swift; sourceTree = "<group>"; };
		1242C568254572FE00378E4C /* Presenter.swift */ = {isa = PBXFileReference; fileEncoding = 4; lastKnownFileType = sourcecode.swift; name = Presenter.swift; path = ../../Sources/MonarchRouter/Presenter.swift; sourceTree = "<group>"; };
		1242C569254572FE00378E4C /* Collection+extension.swift */ = {isa = PBXFileReference; fileEncoding = 4; lastKnownFileType = sourcecode.swift; name = "Collection+extension.swift"; path = "../../Sources/MonarchRouter/Collection+extension.swift"; sourceTree = "<group>"; };
		1242C56A254572FE00378E4C /* PresenterStack.swift */ = {isa = PBXFileReference; fileEncoding = 4; lastKnownFileType = sourcecode.swift; name = PresenterStack.swift; path = ../../Sources/MonarchRouter/PresenterStack.swift; sourceTree = "<group>"; };
		1242C56B254572FE00378E4C /* Request.swift */ = {isa = PBXFileReference; fileEncoding = 4; lastKnownFileType = sourcecode.swift; name = Request.swift; path = ../../Sources/MonarchRouter/Request.swift; sourceTree = "<group>"; };
		D09228CB235B4AB30066E33B /* AppRoutes.swift */ = {isa = PBXFileReference; lastKnownFileType = sourcecode.swift; path = AppRoutes.swift; sourceTree = "<group>"; };
		D0A7B9D0219F322C00B44C3D /* MonarchRouterExample.app */ = {isa = PBXFileReference; explicitFileType = wrapper.application; includeInIndex = 0; path = MonarchRouterExample.app; sourceTree = BUILT_PRODUCTS_DIR; };
		D0A7B9D3219F322C00B44C3D /* AppDelegate.swift */ = {isa = PBXFileReference; lastKnownFileType = sourcecode.swift; path = AppDelegate.swift; sourceTree = "<group>"; };
		D0A7B9D5219F322C00B44C3D /* ViewControllers.swift */ = {isa = PBXFileReference; lastKnownFileType = sourcecode.swift; path = ViewControllers.swift; sourceTree = "<group>"; };
		D0A7B9D8219F322C00B44C3D /* Base */ = {isa = PBXFileReference; lastKnownFileType = file.storyboard; name = Base; path = Base.lproj/Main.storyboard; sourceTree = "<group>"; };
		D0A7B9DA219F322D00B44C3D /* Assets.xcassets */ = {isa = PBXFileReference; lastKnownFileType = folder.assetcatalog; path = Assets.xcassets; sourceTree = "<group>"; };
		D0A7B9DD219F322D00B44C3D /* Base */ = {isa = PBXFileReference; lastKnownFileType = file.storyboard; name = Base; path = Base.lproj/LaunchScreen.storyboard; sourceTree = "<group>"; };
		D0A7B9DF219F322D00B44C3D /* Info.plist */ = {isa = PBXFileReference; lastKnownFileType = text.plist.xml; path = Info.plist; sourceTree = "<group>"; };
		D0A7B9EA219F324200B44C3D /* MonarchRouter.framework */ = {isa = PBXFileReference; explicitFileType = wrapper.framework; includeInIndex = 0; path = MonarchRouter.framework; sourceTree = BUILT_PRODUCTS_DIR; };
		D0A7B9EC219F324200B44C3D /* MonarchRouter.h */ = {isa = PBXFileReference; lastKnownFileType = sourcecode.c.h; path = MonarchRouter.h; sourceTree = "<group>"; };
		D0A7B9ED219F324200B44C3D /* Info.plist */ = {isa = PBXFileReference; lastKnownFileType = text.plist.xml; path = Info.plist; sourceTree = "<group>"; };
		D0A7BA11219F378B00B44C3D /* Presenters.swift */ = {isa = PBXFileReference; lastKnownFileType = sourcecode.swift; path = Presenters.swift; sourceTree = "<group>"; };
		D0A7BA13219F3C5800B44C3D /* EndpointBuilder.swift */ = {isa = PBXFileReference; lastKnownFileType = sourcecode.swift; path = EndpointBuilder.swift; sourceTree = "<group>"; };
		D0A7BA15219F3EC500B44C3D /* AppCoordinator.swift */ = {isa = PBXFileReference; lastKnownFileType = sourcecode.swift; path = AppCoordinator.swift; sourceTree = "<group>"; };
/* End PBXFileReference section */

/* Begin PBXFrameworksBuildPhase section */
		D0A7B9CD219F322C00B44C3D /* Frameworks */ = {
			isa = PBXFrameworksBuildPhase;
			buildActionMask = 2147483647;
			files = (
				1242C57A2545756A00378E4C /* Differ in Frameworks */,
				D0A7B9F1219F324200B44C3D /* MonarchRouter.framework in Frameworks */,
			);
			runOnlyForDeploymentPostprocessing = 0;
		};
		D0A7B9E7219F324200B44C3D /* Frameworks */ = {
			isa = PBXFrameworksBuildPhase;
			buildActionMask = 2147483647;
			files = (
			);
			runOnlyForDeploymentPostprocessing = 0;
		};
/* End PBXFrameworksBuildPhase section */

/* Begin PBXGroup section */
		D0A7B9C7219F322C00B44C3D = {
			isa = PBXGroup;
			children = (
				D0A7B9D2219F322C00B44C3D /* MonarchRouterExample */,
				D0A7B9EB219F324200B44C3D /* MonarchRouter */,
				D0A7B9D1219F322C00B44C3D /* Products */,
			);
			sourceTree = "<group>";
		};
		D0A7B9D1219F322C00B44C3D /* Products */ = {
			isa = PBXGroup;
			children = (
				D0A7B9D0219F322C00B44C3D /* MonarchRouterExample.app */,
				D0A7B9EA219F324200B44C3D /* MonarchRouter.framework */,
			);
			name = Products;
			sourceTree = "<group>";
		};
		D0A7B9D2219F322C00B44C3D /* MonarchRouterExample */ = {
			isa = PBXGroup;
			children = (
				D0A7B9D3219F322C00B44C3D /* AppDelegate.swift */,
				1242C552254560B400378E4C /* SceneDelegate.swift */,
				D0A7B9D5219F322C00B44C3D /* ViewControllers.swift */,
				D0A7B9D7219F322C00B44C3D /* Main.storyboard */,
				D09228CB235B4AB30066E33B /* AppRoutes.swift */,
				D0A7BA15219F3EC500B44C3D /* AppCoordinator.swift */,
				D0A7BA11219F378B00B44C3D /* Presenters.swift */,
				D0A7BA13219F3C5800B44C3D /* EndpointBuilder.swift */,
				D0A7B9DA219F322D00B44C3D /* Assets.xcassets */,
				D0A7B9DC219F322D00B44C3D /* LaunchScreen.storyboard */,
				D0A7B9DF219F322D00B44C3D /* Info.plist */,
			);
			path = MonarchRouterExample;
			sourceTree = "<group>";
		};
		D0A7B9EB219F324200B44C3D /* MonarchRouter */ = {
			isa = PBXGroup;
			children = (
				1242C567254572FE00378E4C /* Node.swift */,
				1242C563254572FE00378E4C /* Parameters.swift */,
				1242C568254572FE00378E4C /* Presenter.swift */,
				1242C562254572FE00378E4C /* PresenterFork.swift */,
				1242C56A254572FE00378E4C /* PresenterStack.swift */,
				1242C564254572FE00378E4C /* PresenterSwitcher.swift */,
				1242C56B254572FE00378E4C /* Request.swift */,
				1242C561254572FE00378E4C /* Route.swift */,
				1242C565254572FE00378E4C /* State.swift */,
				1242C569254572FE00378E4C /* Collection+extension.swift */,
				1242C566254572FE00378E4C /* String+extension.swift */,
				D0A7B9EC219F324200B44C3D /* MonarchRouter.h */,
				D0A7B9ED219F324200B44C3D /* Info.plist */,
			);
			path = MonarchRouter;
			sourceTree = "<group>";
		};
/* End PBXGroup section */

/* Begin PBXHeadersBuildPhase section */
		D0A7B9E5219F324200B44C3D /* Headers */ = {
			isa = PBXHeadersBuildPhase;
			buildActionMask = 2147483647;
			files = (
				D0A7B9EE219F324200B44C3D /* MonarchRouter.h in Headers */,
			);
			runOnlyForDeploymentPostprocessing = 0;
		};
/* End PBXHeadersBuildPhase section */

/* Begin PBXNativeTarget section */
		D0A7B9CF219F322C00B44C3D /* MonarchRouterExample */ = {
			isa = PBXNativeTarget;
			buildConfigurationList = D0A7B9E2219F322D00B44C3D /* Build configuration list for PBXNativeTarget "MonarchRouterExample" */;
			buildPhases = (
				D0A7B9CC219F322C00B44C3D /* Sources */,
				D0A7B9CD219F322C00B44C3D /* Frameworks */,
				D0A7B9CE219F322C00B44C3D /* Resources */,
				D0A7B9F6219F324200B44C3D /* Embed Frameworks */,
			);
			buildRules = (
			);
			dependencies = (
				D0A7B9F0219F324200B44C3D /* PBXTargetDependency */,
			);
			name = MonarchRouterExample;
			packageProductDependencies = (
				1242C5792545756A00378E4C /* Differ */,
			);
			productName = MonarchRouterExample;
			productReference = D0A7B9D0219F322C00B44C3D /* MonarchRouterExample.app */;
			productType = "com.apple.product-type.application";
		};
		D0A7B9E9219F324200B44C3D /* MonarchRouter */ = {
			isa = PBXNativeTarget;
			buildConfigurationList = D0A7B9F3219F324200B44C3D /* Build configuration list for PBXNativeTarget "MonarchRouter" */;
			buildPhases = (
				D0A7B9E5219F324200B44C3D /* Headers */,
				D0A7B9E6219F324200B44C3D /* Sources */,
				D0A7B9E7219F324200B44C3D /* Frameworks */,
				D0A7B9E8219F324200B44C3D /* Resources */,
			);
			buildRules = (
			);
			dependencies = (
			);
			name = MonarchRouter;
			productName = MonarchRouter;
			productReference = D0A7B9EA219F324200B44C3D /* MonarchRouter.framework */;
			productType = "com.apple.product-type.framework";
		};
/* End PBXNativeTarget section */

/* Begin PBXProject section */
		D0A7B9C8219F322C00B44C3D /* Project object */ = {
			isa = PBXProject;
			attributes = {
				LastSwiftUpdateCheck = 1010;
				LastUpgradeCheck = 1210;
				ORGANIZATIONNAME = nikans.com;
				TargetAttributes = {
					D0A7B9CF219F322C00B44C3D = {
						CreatedOnToolsVersion = 10.1;
						LastSwiftMigration = 1120;
					};
					D0A7B9E9219F324200B44C3D = {
						CreatedOnToolsVersion = 10.1;
						LastSwiftMigration = 1210;
					};
				};
			};
			buildConfigurationList = D0A7B9CB219F322C00B44C3D /* Build configuration list for PBXProject "MonarchRouterExample" */;
			compatibilityVersion = "Xcode 9.3";
			developmentRegion = en;
			hasScannedForEncodings = 0;
			knownRegions = (
				en,
				Base,
			);
			mainGroup = D0A7B9C7219F322C00B44C3D;
			packageReferences = (
				1242C5782545756A00378E4C /* XCRemoteSwiftPackageReference "Differ" */,
			);
			productRefGroup = D0A7B9D1219F322C00B44C3D /* Products */;
			projectDirPath = "";
			projectRoot = "";
			targets = (
				D0A7B9CF219F322C00B44C3D /* MonarchRouterExample */,
				D0A7B9E9219F324200B44C3D /* MonarchRouter */,
			);
		};
/* End PBXProject section */

/* Begin PBXResourcesBuildPhase section */
		D0A7B9CE219F322C00B44C3D /* Resources */ = {
			isa = PBXResourcesBuildPhase;
			buildActionMask = 2147483647;
			files = (
				D0A7B9DE219F322D00B44C3D /* LaunchScreen.storyboard in Resources */,
				D0A7B9DB219F322D00B44C3D /* Assets.xcassets in Resources */,
				D0A7B9D9219F322C00B44C3D /* Main.storyboard in Resources */,
			);
			runOnlyForDeploymentPostprocessing = 0;
		};
		D0A7B9E8219F324200B44C3D /* Resources */ = {
			isa = PBXResourcesBuildPhase;
			buildActionMask = 2147483647;
			files = (
			);
			runOnlyForDeploymentPostprocessing = 0;
		};
/* End PBXResourcesBuildPhase section */

/* Begin PBXSourcesBuildPhase section */
		D0A7B9CC219F322C00B44C3D /* Sources */ = {
			isa = PBXSourcesBuildPhase;
			buildActionMask = 2147483647;
			files = (
				D0A7BA16219F3EC500B44C3D /* AppCoordinator.swift in Sources */,
				1242C553254560B400378E4C /* SceneDelegate.swift in Sources */,
				D0A7B9D6219F322C00B44C3D /* ViewControllers.swift in Sources */,
				D0A7BA12219F378B00B44C3D /* Presenters.swift in Sources */,
				D0A7B9D4219F322C00B44C3D /* AppDelegate.swift in Sources */,
				D09228CC235B4AB30066E33B /* AppRoutes.swift in Sources */,
				D0A7BA14219F3C5900B44C3D /* EndpointBuilder.swift in Sources */,
			);
			runOnlyForDeploymentPostprocessing = 0;
		};
		D0A7B9E6219F324200B44C3D /* Sources */ = {
			isa = PBXSourcesBuildPhase;
			buildActionMask = 2147483647;
			files = (
				1242C56D254572FE00378E4C /* PresenterFork.swift in Sources */,
				1242C574254572FE00378E4C /* Collection+extension.swift in Sources */,
				1242C56C254572FE00378E4C /* Route.swift in Sources */,
				1242C573254572FE00378E4C /* Presenter.swift in Sources */,
				1242C576254572FE00378E4C /* Request.swift in Sources */,
				1242C571254572FE00378E4C /* String+extension.swift in Sources */,
				1242C56E254572FE00378E4C /* Parameters.swift in Sources */,
				1242C570254572FE00378E4C /* State.swift in Sources */,
				1242C56F254572FE00378E4C /* PresenterSwitcher.swift in Sources */,
				1242C572254572FE00378E4C /* Node.swift in Sources */,
				1242C575254572FE00378E4C /* PresenterStack.swift in Sources */,
			);
			runOnlyForDeploymentPostprocessing = 0;
		};
/* End PBXSourcesBuildPhase section */

/* Begin PBXTargetDependency section */
		D0A7B9F0219F324200B44C3D /* PBXTargetDependency */ = {
			isa = PBXTargetDependency;
			target = D0A7B9E9219F324200B44C3D /* MonarchRouter */;
			targetProxy = D0A7B9EF219F324200B44C3D /* PBXContainerItemProxy */;
		};
/* End PBXTargetDependency section */

/* Begin PBXVariantGroup section */
		D0A7B9D7219F322C00B44C3D /* Main.storyboard */ = {
			isa = PBXVariantGroup;
			children = (
				D0A7B9D8219F322C00B44C3D /* Base */,
			);
			name = Main.storyboard;
			sourceTree = "<group>";
		};
		D0A7B9DC219F322D00B44C3D /* LaunchScreen.storyboard */ = {
			isa = PBXVariantGroup;
			children = (
				D0A7B9DD219F322D00B44C3D /* Base */,
			);
			name = LaunchScreen.storyboard;
			sourceTree = "<group>";
		};
/* End PBXVariantGroup section */

/* Begin XCBuildConfiguration section */
		D0A7B9E0219F322D00B44C3D /* Debug */ = {
			isa = XCBuildConfiguration;
			buildSettings = {
				ALWAYS_SEARCH_USER_PATHS = NO;
				CLANG_ANALYZER_NONNULL = YES;
				CLANG_ANALYZER_NUMBER_OBJECT_CONVERSION = YES_AGGRESSIVE;
				CLANG_CXX_LANGUAGE_STANDARD = "gnu++14";
				CLANG_CXX_LIBRARY = "libc++";
				CLANG_ENABLE_MODULES = YES;
				CLANG_ENABLE_OBJC_ARC = YES;
				CLANG_ENABLE_OBJC_WEAK = YES;
				CLANG_WARN_BLOCK_CAPTURE_AUTORELEASING = YES;
				CLANG_WARN_BOOL_CONVERSION = YES;
				CLANG_WARN_COMMA = YES;
				CLANG_WARN_CONSTANT_CONVERSION = YES;
				CLANG_WARN_DEPRECATED_OBJC_IMPLEMENTATIONS = YES;
				CLANG_WARN_DIRECT_OBJC_ISA_USAGE = YES_ERROR;
				CLANG_WARN_DOCUMENTATION_COMMENTS = YES;
				CLANG_WARN_EMPTY_BODY = YES;
				CLANG_WARN_ENUM_CONVERSION = YES;
				CLANG_WARN_INFINITE_RECURSION = YES;
				CLANG_WARN_INT_CONVERSION = YES;
				CLANG_WARN_NON_LITERAL_NULL_CONVERSION = YES;
				CLANG_WARN_OBJC_IMPLICIT_RETAIN_SELF = YES;
				CLANG_WARN_OBJC_LITERAL_CONVERSION = YES;
				CLANG_WARN_OBJC_ROOT_CLASS = YES_ERROR;
				CLANG_WARN_QUOTED_INCLUDE_IN_FRAMEWORK_HEADER = YES;
				CLANG_WARN_RANGE_LOOP_ANALYSIS = YES;
				CLANG_WARN_STRICT_PROTOTYPES = YES;
				CLANG_WARN_SUSPICIOUS_MOVE = YES;
				CLANG_WARN_UNGUARDED_AVAILABILITY = YES_AGGRESSIVE;
				CLANG_WARN_UNREACHABLE_CODE = YES;
				CLANG_WARN__DUPLICATE_METHOD_MATCH = YES;
				CODE_SIGN_IDENTITY = "iPhone Developer";
				COPY_PHASE_STRIP = NO;
				DEBUG_INFORMATION_FORMAT = dwarf;
				ENABLE_STRICT_OBJC_MSGSEND = YES;
				ENABLE_TESTABILITY = YES;
				GCC_C_LANGUAGE_STANDARD = gnu11;
				GCC_DYNAMIC_NO_PIC = NO;
				GCC_NO_COMMON_BLOCKS = YES;
				GCC_OPTIMIZATION_LEVEL = 0;
				GCC_PREPROCESSOR_DEFINITIONS = (
					"DEBUG=1",
					"$(inherited)",
				);
				GCC_WARN_64_TO_32_BIT_CONVERSION = YES;
				GCC_WARN_ABOUT_RETURN_TYPE = YES_ERROR;
				GCC_WARN_UNDECLARED_SELECTOR = YES;
				GCC_WARN_UNINITIALIZED_AUTOS = YES_AGGRESSIVE;
				GCC_WARN_UNUSED_FUNCTION = YES;
				GCC_WARN_UNUSED_VARIABLE = YES;
				IPHONEOS_DEPLOYMENT_TARGET = 9.0;
				MTL_ENABLE_DEBUG_INFO = INCLUDE_SOURCE;
				MTL_FAST_MATH = YES;
				ONLY_ACTIVE_ARCH = YES;
				SDKROOT = iphoneos;
				SWIFT_ACTIVE_COMPILATION_CONDITIONS = DEBUG;
				SWIFT_OPTIMIZATION_LEVEL = "-Onone";
			};
			name = Debug;
		};
		D0A7B9E1219F322D00B44C3D /* Release */ = {
			isa = XCBuildConfiguration;
			buildSettings = {
				ALWAYS_SEARCH_USER_PATHS = NO;
				CLANG_ANALYZER_NONNULL = YES;
				CLANG_ANALYZER_NUMBER_OBJECT_CONVERSION = YES_AGGRESSIVE;
				CLANG_CXX_LANGUAGE_STANDARD = "gnu++14";
				CLANG_CXX_LIBRARY = "libc++";
				CLANG_ENABLE_MODULES = YES;
				CLANG_ENABLE_OBJC_ARC = YES;
				CLANG_ENABLE_OBJC_WEAK = YES;
				CLANG_WARN_BLOCK_CAPTURE_AUTORELEASING = YES;
				CLANG_WARN_BOOL_CONVERSION = YES;
				CLANG_WARN_COMMA = YES;
				CLANG_WARN_CONSTANT_CONVERSION = YES;
				CLANG_WARN_DEPRECATED_OBJC_IMPLEMENTATIONS = YES;
				CLANG_WARN_DIRECT_OBJC_ISA_USAGE = YES_ERROR;
				CLANG_WARN_DOCUMENTATION_COMMENTS = YES;
				CLANG_WARN_EMPTY_BODY = YES;
				CLANG_WARN_ENUM_CONVERSION = YES;
				CLANG_WARN_INFINITE_RECURSION = YES;
				CLANG_WARN_INT_CONVERSION = YES;
				CLANG_WARN_NON_LITERAL_NULL_CONVERSION = YES;
				CLANG_WARN_OBJC_IMPLICIT_RETAIN_SELF = YES;
				CLANG_WARN_OBJC_LITERAL_CONVERSION = YES;
				CLANG_WARN_OBJC_ROOT_CLASS = YES_ERROR;
				CLANG_WARN_QUOTED_INCLUDE_IN_FRAMEWORK_HEADER = YES;
				CLANG_WARN_RANGE_LOOP_ANALYSIS = YES;
				CLANG_WARN_STRICT_PROTOTYPES = YES;
				CLANG_WARN_SUSPICIOUS_MOVE = YES;
				CLANG_WARN_UNGUARDED_AVAILABILITY = YES_AGGRESSIVE;
				CLANG_WARN_UNREACHABLE_CODE = YES;
				CLANG_WARN__DUPLICATE_METHOD_MATCH = YES;
				CODE_SIGN_IDENTITY = "iPhone Developer";
				COPY_PHASE_STRIP = NO;
				DEBUG_INFORMATION_FORMAT = "dwarf-with-dsym";
				ENABLE_NS_ASSERTIONS = NO;
				ENABLE_STRICT_OBJC_MSGSEND = YES;
				GCC_C_LANGUAGE_STANDARD = gnu11;
				GCC_NO_COMMON_BLOCKS = YES;
				GCC_WARN_64_TO_32_BIT_CONVERSION = YES;
				GCC_WARN_ABOUT_RETURN_TYPE = YES_ERROR;
				GCC_WARN_UNDECLARED_SELECTOR = YES;
				GCC_WARN_UNINITIALIZED_AUTOS = YES_AGGRESSIVE;
				GCC_WARN_UNUSED_FUNCTION = YES;
				GCC_WARN_UNUSED_VARIABLE = YES;
				IPHONEOS_DEPLOYMENT_TARGET = 9.0;
				MTL_ENABLE_DEBUG_INFO = NO;
				MTL_FAST_MATH = YES;
				SDKROOT = iphoneos;
				SWIFT_COMPILATION_MODE = wholemodule;
				SWIFT_OPTIMIZATION_LEVEL = "-O";
				VALIDATE_PRODUCT = YES;
			};
			name = Release;
		};
		D0A7B9E3219F322D00B44C3D /* Debug */ = {
			isa = XCBuildConfiguration;
			buildSettings = {
				ALWAYS_EMBED_SWIFT_STANDARD_LIBRARIES = YES;
				ASSETCATALOG_COMPILER_APPICON_NAME = AppIcon;
				CODE_SIGN_STYLE = Automatic;
				DEVELOPMENT_TEAM = 892UN3K9E3;
				INFOPLIST_FILE = MonarchRouterExample/Info.plist;
				IPHONEOS_DEPLOYMENT_TARGET = 9.0;
				LD_RUNPATH_SEARCH_PATHS = (
					"$(inherited)",
					"@executable_path/Frameworks",
				);
				MARKETING_VERSION = 1.1.1;
				PRODUCT_BUNDLE_IDENTIFIER = NK.MonarchRouterExample;
				PRODUCT_NAME = "$(TARGET_NAME)";
				SWIFT_VERSION = 5.0;
				TARGETED_DEVICE_FAMILY = "1,2";
			};
			name = Debug;
		};
		D0A7B9E4219F322D00B44C3D /* Release */ = {
			isa = XCBuildConfiguration;
			buildSettings = {
				ALWAYS_EMBED_SWIFT_STANDARD_LIBRARIES = YES;
				ASSETCATALOG_COMPILER_APPICON_NAME = AppIcon;
				CODE_SIGN_STYLE = Automatic;
				DEVELOPMENT_TEAM = 892UN3K9E3;
				INFOPLIST_FILE = MonarchRouterExample/Info.plist;
				IPHONEOS_DEPLOYMENT_TARGET = 9.0;
				LD_RUNPATH_SEARCH_PATHS = (
					"$(inherited)",
					"@executable_path/Frameworks",
				);
				MARKETING_VERSION = 1.1.1;
				PRODUCT_BUNDLE_IDENTIFIER = NK.MonarchRouterExample;
				PRODUCT_NAME = "$(TARGET_NAME)";
				SWIFT_VERSION = 5.0;
				TARGETED_DEVICE_FAMILY = "1,2";
			};
			name = Release;
		};
		D0A7B9F4219F324200B44C3D /* Debug */ = {
			isa = XCBuildConfiguration;
			buildSettings = {
				CLANG_ENABLE_MODULES = YES;
				CODE_SIGN_IDENTITY = "";
				CODE_SIGN_STYLE = Automatic;
				CURRENT_PROJECT_VERSION = 1;
				DEFINES_MODULE = YES;
				DEVELOPMENT_TEAM = 892UN3K9E3;
				DYLIB_COMPATIBILITY_VERSION = 1;
				DYLIB_CURRENT_VERSION = 1;
				DYLIB_INSTALL_NAME_BASE = "@rpath";
				INFOPLIST_FILE = MonarchRouter/Info.plist;
				INSTALL_PATH = "$(LOCAL_LIBRARY_DIR)/Frameworks";
				IPHONEOS_DEPLOYMENT_TARGET = 9.0;
				LD_RUNPATH_SEARCH_PATHS = (
					"$(inherited)",
					"@executable_path/Frameworks",
					"@loader_path/Frameworks",
				);
				MARKETING_VERSION = 1.1.1;
				PRODUCT_BUNDLE_IDENTIFIER = NK.MonarchRouter;
				PRODUCT_NAME = "$(TARGET_NAME:c99extidentifier)";
				SKIP_INSTALL = YES;
				SUPPORTS_MACCATALYST = NO;
				SWIFT_OPTIMIZATION_LEVEL = "-Onone";
				SWIFT_VERSION = 5.0;
				TARGETED_DEVICE_FAMILY = "1,2";
				VERSIONING_SYSTEM = "apple-generic";
				VERSION_INFO_PREFIX = "";
			};
			name = Debug;
		};
		D0A7B9F5219F324200B44C3D /* Release */ = {
			isa = XCBuildConfiguration;
			buildSettings = {
				CLANG_ENABLE_MODULES = YES;
				CODE_SIGN_IDENTITY = "";
				CODE_SIGN_STYLE = Automatic;
				CURRENT_PROJECT_VERSION = 1;
				DEFINES_MODULE = YES;
				DEVELOPMENT_TEAM = 892UN3K9E3;
				DYLIB_COMPATIBILITY_VERSION = 1;
				DYLIB_CURRENT_VERSION = 1;
				DYLIB_INSTALL_NAME_BASE = "@rpath";
				INFOPLIST_FILE = MonarchRouter/Info.plist;
				INSTALL_PATH = "$(LOCAL_LIBRARY_DIR)/Frameworks";
				IPHONEOS_DEPLOYMENT_TARGET = 9.0;
				LD_RUNPATH_SEARCH_PATHS = (
					"$(inherited)",
					"@executable_path/Frameworks",
					"@loader_path/Frameworks",
				);
				MARKETING_VERSION = 1.1.1;
				PRODUCT_BUNDLE_IDENTIFIER = NK.MonarchRouter;
				PRODUCT_NAME = "$(TARGET_NAME:c99extidentifier)";
				SKIP_INSTALL = YES;
				SUPPORTS_MACCATALYST = NO;
				SWIFT_VERSION = 5.0;
				TARGETED_DEVICE_FAMILY = "1,2";
				VERSIONING_SYSTEM = "apple-generic";
				VERSION_INFO_PREFIX = "";
			};
			name = Release;
		};
/* End XCBuildConfiguration section */

/* Begin XCConfigurationList section */
		D0A7B9CB219F322C00B44C3D /* Build configuration list for PBXProject "MonarchRouterExample" */ = {
			isa = XCConfigurationList;
			buildConfigurations = (
				D0A7B9E0219F322D00B44C3D /* Debug */,
				D0A7B9E1219F322D00B44C3D /* Release */,
			);
			defaultConfigurationIsVisible = 0;
			defaultConfigurationName = Release;
		};
		D0A7B9E2219F322D00B44C3D /* Build configuration list for PBXNativeTarget "MonarchRouterExample" */ = {
			isa = XCConfigurationList;
			buildConfigurations = (
				D0A7B9E3219F322D00B44C3D /* Debug */,
				D0A7B9E4219F322D00B44C3D /* Release */,
			);
			defaultConfigurationIsVisible = 0;
			defaultConfigurationName = Release;
		};
		D0A7B9F3219F324200B44C3D /* Build configuration list for PBXNativeTarget "MonarchRouter" */ = {
			isa = XCConfigurationList;
			buildConfigurations = (
				D0A7B9F4219F324200B44C3D /* Debug */,
				D0A7B9F5219F324200B44C3D /* Release */,
			);
			defaultConfigurationIsVisible = 0;
			defaultConfigurationName = Release;
		};
/* End XCConfigurationList section */

/* Begin XCRemoteSwiftPackageReference section */
		1242C5782545756A00378E4C /* XCRemoteSwiftPackageReference "Differ" */ = {
			isa = XCRemoteSwiftPackageReference;
			repositoryURL = "git@github.com:tonyarnold/Differ.git";
			requirement = {
				kind = upToNextMajorVersion;
				minimumVersion = 1.4.5;
			};
		};
/* End XCRemoteSwiftPackageReference section */

/* Begin XCSwiftPackageProductDependency section */
		1242C5792545756A00378E4C /* Differ */ = {
			isa = XCSwiftPackageProductDependency;
			package = 1242C5782545756A00378E4C /* XCRemoteSwiftPackageReference "Differ" */;
			productName = Differ;
		};
/* End XCSwiftPackageProductDependency section */
	};
	rootObject = D0A7B9C8219F322C00B44C3D /* Project object */;
}
